
Microsoft Visual Studio Solution File, Format Version 12.00
# Visual Studio 15
VisualStudioVersion = 15.0.27703.2018
MinimumVisualStudioVersion = 10.0.40219.1
Project("{FAE04EC0-301F-11D3-BF4B-00C04F79EFBC}") = "Our.Umbraco.EmbeddedResource", "Our.Umbraco.EmbeddedResource\Our.Umbraco.EmbeddedResource.csproj", "{AFCFAFE9-240D-48B5-B99C-A10C185EE325}"
EndProject
Project("{FAE04EC0-301F-11D3-BF4B-00C04F79EFBC}") = "Our.Umbraco.EmbeddedResource.Tests", "Our.Umbraco.EmbeddedResource.Tests\Our.Umbraco.EmbeddedResource.Tests.csproj", "{6EA5A054-B627-4512-B6ED-A3F1BB6141D8}"
EndProject
Global
	GlobalSection(SolutionConfigurationPlatforms) = preSolution
		Debug|Any CPU = Debug|Any CPU
		Release|Any CPU = Release|Any CPU
	EndGlobalSection
	GlobalSection(ProjectConfigurationPlatforms) = postSolution
		{AFCFAFE9-240D-48B5-B99C-A10C185EE325}.Debug|Any CPU.ActiveCfg = Debug|Any CPU
		{AFCFAFE9-240D-48B5-B99C-A10C185EE325}.Debug|Any CPU.Build.0 = Debug|Any CPU
		{AFCFAFE9-240D-48B5-B99C-A10C185EE325}.Release|Any CPU.ActiveCfg = Release|Any CPU
		{AFCFAFE9-240D-48B5-B99C-A10C185EE325}.Release|Any CPU.Build.0 = Release|Any CPU
		{6EA5A054-B627-4512-B6ED-A3F1BB6141D8}.Debug|Any CPU.ActiveCfg = Debug|Any CPU
		{6EA5A054-B627-4512-B6ED-A3F1BB6141D8}.Debug|Any CPU.Build.0 = Debug|Any CPU
		{6EA5A054-B627-4512-B6ED-A3F1BB6141D8}.Release|Any CPU.ActiveCfg = Release|Any CPU
		{6EA5A054-B627-4512-B6ED-A3F1BB6141D8}.Release|Any CPU.Build.0 = Release|Any CPU
	EndGlobalSection
	GlobalSection(SolutionProperties) = preSolution
		HideSolutionNode = FALSE
	EndGlobalSection
	GlobalSection(ExtensibilityGlobals) = postSolution
		SolutionGuid = {E152D02E-3FF7-4241-A08D-062FBF840F5D}
	EndGlobalSection
EndGlobal
